
Microsoft Visual Studio Solution File, Format Version 12.00
# Visual Studio 15
VisualStudioVersion = 15.0.27703.2018
MinimumVisualStudioVersion = 10.0.40219.1
Project("{FAE04EC0-301F-11D3-BF4B-00C04F79EFBC}") = "Soundenizer.Android", "Soundenizer\Soundenizer.Android\Soundenizer.Android.csproj", "{876FA99C-1F28-4BDB-9B64-3AD72762FF89}"
EndProject
Project("{FAE04EC0-301F-11D3-BF4B-00C04F79EFBC}") = "Soundenizer", "Soundenizer\Soundenizer\Soundenizer.csproj", "{78D31EE3-A2B7-4FBF-B274-7D1D593AB140}"
EndProject
Global
	GlobalSection(SolutionConfigurationPlatforms) = preSolution
		Debug|Any CPU = Debug|Any CPU
		Release|Any CPU = Release|Any CPU
	EndGlobalSection
	GlobalSection(ProjectConfigurationPlatforms) = postSolution
		{876FA99C-1F28-4BDB-9B64-3AD72762FF89}.Debug|Any CPU.ActiveCfg = Debug|Any CPU
		{876FA99C-1F28-4BDB-9B64-3AD72762FF89}.Debug|Any CPU.Build.0 = Debug|Any CPU
		{876FA99C-1F28-4BDB-9B64-3AD72762FF89}.Debug|Any CPU.Deploy.0 = Debug|Any CPU
		{876FA99C-1F28-4BDB-9B64-3AD72762FF89}.Release|Any CPU.ActiveCfg = Release|Any CPU
		{876FA99C-1F28-4BDB-9B64-3AD72762FF89}.Release|Any CPU.Build.0 = Release|Any CPU
		{876FA99C-1F28-4BDB-9B64-3AD72762FF89}.Release|Any CPU.Deploy.0 = Release|Any CPU
		{78D31EE3-A2B7-4FBF-B274-7D1D593AB140}.Debug|Any CPU.ActiveCfg = Debug|Any CPU
		{78D31EE3-A2B7-4FBF-B274-7D1D593AB140}.Debug|Any CPU.Build.0 = Debug|Any CPU
		{78D31EE3-A2B7-4FBF-B274-7D1D593AB140}.Debug|Any CPU.Deploy.0 = Debug|Any CPU
		{78D31EE3-A2B7-4FBF-B274-7D1D593AB140}.Release|Any CPU.ActiveCfg = Release|Any CPU
		{78D31EE3-A2B7-4FBF-B274-7D1D593AB140}.Release|Any CPU.Build.0 = Release|Any CPU
		{78D31EE3-A2B7-4FBF-B274-7D1D593AB140}.Release|Any CPU.Deploy.0 = Release|Any CPU
	EndGlobalSection
	GlobalSection(SolutionProperties) = preSolution
		HideSolutionNode = FALSE
	EndGlobalSection
	GlobalSection(ExtensibilityGlobals) = postSolution
		SolutionGuid = {A7F02278-C052-4616-A5A1-6C4F52E54774}
	EndGlobalSection
EndGlobal
